
Microsoft Visual Studio Solution File, Format Version 12.00
# Visual Studio 15
VisualStudioVersion = 15.0.27428.2005
MinimumVisualStudioVersion = 10.0.40219.1
Project("{888888A0-9F3D-457C-B088-3A5042F75D52}") = "Atari_Imitation", "Atari_Imitation\Atari_Imitation.pyproj", "{A96C83EF-ADCD-4C9C-B4B2-E39E6C62BE4D}"
EndProject
Global
	GlobalSection(SolutionConfigurationPlatforms) = preSolution
		Debug|Any CPU = Debug|Any CPU
		Release|Any CPU = Release|Any CPU
	EndGlobalSection
	GlobalSection(ProjectConfigurationPlatforms) = postSolution
		{A96C83EF-ADCD-4C9C-B4B2-E39E6C62BE4D}.Debug|Any CPU.ActiveCfg = Debug|Any CPU
		{A96C83EF-ADCD-4C9C-B4B2-E39E6C62BE4D}.Release|Any CPU.ActiveCfg = Release|Any CPU
	EndGlobalSection
	GlobalSection(SolutionProperties) = preSolution
		HideSolutionNode = FALSE
	EndGlobalSection
	GlobalSection(ExtensibilityGlobals) = postSolution
		SolutionGuid = {574CFFE1-0BF7-4952-A288-1BA4DA0EA5E3}
	EndGlobalSection
EndGlobal
